
Microsoft Visual Studio Solution File, Format Version 12.00
# Visual Studio Version 17
VisualStudioVersion = 17.9.34902.65
MinimumVisualStudioVersion = 10.0.40219.1
Project("{FAE04EC0-301F-11D3-BF4B-00C04F79EFBC}") = "Collections", "Collections\Collections.csproj", "{04AAE8C2-7259-438D-A925-C5CC91D89503}"
EndProject
Global
	GlobalSection(SolutionConfigurationPlatforms) = preSolution
		Debug|Any CPU = Debug|Any CPU
		Release|Any CPU = Release|Any CPU
	EndGlobalSection
	GlobalSection(ProjectConfigurationPlatforms) = postSolution
		{04AAE8C2-7259-438D-A925-C5CC91D89503}.Debug|Any CPU.ActiveCfg = Debug|Any CPU
		{04AAE8C2-7259-438D-A925-C5CC91D89503}.Debug|Any CPU.Build.0 = Debug|Any CPU
		{04AAE8C2-7259-438D-A925-C5CC91D89503}.Release|Any CPU.ActiveCfg = Release|Any CPU
		{04AAE8C2-7259-438D-A925-C5CC91D89503}.Release|Any CPU.Build.0 = Release|Any CPU
	EndGlobalSection
	GlobalSection(SolutionProperties) = preSolution
		HideSolutionNode = FALSE
	EndGlobalSection
	GlobalSection(ExtensibilityGlobals) = postSolution
		SolutionGuid = {D2AD66CA-4767-44E4-ACB2-38B89ABECB7C}
	EndGlobalSection
EndGlobal
