
Microsoft Visual Studio Solution File, Format Version 12.00
# Visual Studio Version 17
VisualStudioVersion = 17.10.35013.160
MinimumVisualStudioVersion = 10.0.40219.1
Project("{FAE04EC0-301F-11D3-BF4B-00C04F79EFBC}") = "ADO.NET", "ADO.NET\ADO.NET.csproj", "{AF9EABB4-2685-431F-BC36-773CA49FAA78}"
EndProject
Global
	GlobalSection(SolutionConfigurationPlatforms) = preSolution
		Debug|Any CPU = Debug|Any CPU
		Release|Any CPU = Release|Any CPU
	EndGlobalSection
	GlobalSection(ProjectConfigurationPlatforms) = postSolution
		{AF9EABB4-2685-431F-BC36-773CA49FAA78}.Debug|Any CPU.ActiveCfg = Debug|Any CPU
		{AF9EABB4-2685-431F-BC36-773CA49FAA78}.Debug|Any CPU.Build.0 = Debug|Any CPU
		{AF9EABB4-2685-431F-BC36-773CA49FAA78}.Release|Any CPU.ActiveCfg = Release|Any CPU
		{AF9EABB4-2685-431F-BC36-773CA49FAA78}.Release|Any CPU.Build.0 = Release|Any CPU
	EndGlobalSection
	GlobalSection(SolutionProperties) = preSolution
		HideSolutionNode = FALSE
	EndGlobalSection
	GlobalSection(ExtensibilityGlobals) = postSolution
		SolutionGuid = {C553EFE9-1B80-4EBD-A0EA-2129C95C5582}
	EndGlobalSection
EndGlobal
