
Microsoft Visual Studio Solution File, Format Version 12.00
# Visual Studio Version 17
VisualStudioVersion = 17.10.35013.160
MinimumVisualStudioVersion = 10.0.40219.1
Project("{FAE04EC0-301F-11D3-BF4B-00C04F79EFBC}") = "EduHome", "EduHome\EduHome.csproj", "{C715961F-AD76-4858-9B58-B7E5AD50CDB9}"
EndProject
Global
	GlobalSection(SolutionConfigurationPlatforms) = preSolution
		Debug|Any CPU = Debug|Any CPU
		Release|Any CPU = Release|Any CPU
	EndGlobalSection
	GlobalSection(ProjectConfigurationPlatforms) = postSolution
		{C715961F-AD76-4858-9B58-B7E5AD50CDB9}.Debug|Any CPU.ActiveCfg = Debug|Any CPU
		{C715961F-AD76-4858-9B58-B7E5AD50CDB9}.Debug|Any CPU.Build.0 = Debug|Any CPU
		{C715961F-AD76-4858-9B58-B7E5AD50CDB9}.Release|Any CPU.ActiveCfg = Release|Any CPU
		{C715961F-AD76-4858-9B58-B7E5AD50CDB9}.Release|Any CPU.Build.0 = Release|Any CPU
	EndGlobalSection
	GlobalSection(SolutionProperties) = preSolution
		HideSolutionNode = FALSE
	EndGlobalSection
	GlobalSection(ExtensibilityGlobals) = postSolution
		SolutionGuid = {2DEB7AA2-F8AF-419F-B7EE-0B20B2D70AD7}
	EndGlobalSection
EndGlobal
